
Microsoft Visual Studio Solution File, Format Version 12.00
# Visual Studio 14
VisualStudioVersion = 14.0.25420.1
MinimumVisualStudioVersion = 10.0.40219.1
Project("{FAE04EC0-301F-11D3-BF4B-00C04F79EFBC}") = "nswdblog.automation", "nswdblog.automation\nswdblog.automation.csproj", "{BA8681D1-5341-42EF-AC9D-7B4BDA904FAC}"
EndProject
Project("{FAE04EC0-301F-11D3-BF4B-00C04F79EFBC}") = "nswdblog.tests", "nswdblog.tests\nswdblog.tests.csproj", "{C7EB6BBE-81EE-4CC5-852C-59E9EEBA11BD}"
EndProject
Global
	GlobalSection(SolutionConfigurationPlatforms) = preSolution
		Debug|Any CPU = Debug|Any CPU
		Release|Any CPU = Release|Any CPU
	EndGlobalSection
	GlobalSection(ProjectConfigurationPlatforms) = postSolution
		{BA8681D1-5341-42EF-AC9D-7B4BDA904FAC}.Debug|Any CPU.ActiveCfg = Debug|Any CPU
		{BA8681D1-5341-42EF-AC9D-7B4BDA904FAC}.Debug|Any CPU.Build.0 = Debug|Any CPU
		{BA8681D1-5341-42EF-AC9D-7B4BDA904FAC}.Release|Any CPU.ActiveCfg = Release|Any CPU
		{BA8681D1-5341-42EF-AC9D-7B4BDA904FAC}.Release|Any CPU.Build.0 = Release|Any CPU
		{C7EB6BBE-81EE-4CC5-852C-59E9EEBA11BD}.Debug|Any CPU.ActiveCfg = Debug|Any CPU
		{C7EB6BBE-81EE-4CC5-852C-59E9EEBA11BD}.Debug|Any CPU.Build.0 = Debug|Any CPU
		{C7EB6BBE-81EE-4CC5-852C-59E9EEBA11BD}.Release|Any CPU.ActiveCfg = Release|Any CPU
		{C7EB6BBE-81EE-4CC5-852C-59E9EEBA11BD}.Release|Any CPU.Build.0 = Release|Any CPU
	EndGlobalSection
	GlobalSection(SolutionProperties) = preSolution
		HideSolutionNode = FALSE
	EndGlobalSection
EndGlobal
